PODS:
  - MineCommonUtils (1.1.5):
    - MineCommonUtils/Attribute (= 1.1.5)
    - MineCommonUtils/ColorValue (= 1.1.5)
    - MineCommonUtils/CommonAdaptive (= 1.1.5)
    - MineCommonUtils/DistributeSelector (= 1.1.5)
    - MineCommonUtils/DynamicProperty (= 1.1.5)
    - MineCommonUtils/FileManager (= 1.1.5)
    - MineCommonUtils/FunctionOperate (= 1.1.5)
    - MineCommonUtils/IndexPath (= 1.1.5)
    - MineCommonUtils/JSONLog (= 1.1.5)
    - MineCommonUtils/PerformSelector (= 1.1.5)
    - MineCommonUtils/Persistent (= 1.1.5)
    - MineCommonUtils/Reuse (= 1.1.5)
    - MineCommonUtils/Route (= 1.1.5)
    - MineCommonUtils/Scheduler (= 1.1.5)
    - MineCommonUtils/SubClasses (= 1.1.5)
    - MineCommonUtils/TimeConvert (= 1.1.5)
    - MineCommonUtils/TypeEnsure (= 1.1.5)
    - MineCommonUtils/ViewUtils (= 1.1.5)
    - RSSwizzle
  - MineCommonUtils/Attribute (1.1.5):
    - RSSwizzle
  - MineCommonUtils/ColorValue (1.1.5):
    - RSSwizzle
  - MineCommonUtils/CommonAdaptive (1.1.5):
    - RSSwizzle
  - MineCommonUtils/DistributeSelector (1.1.5):
    - RSSwizzle
  - MineCommonUtils/DynamicProperty (1.1.5):
    - RSSwizzle
  - MineCommonUtils/FileManager (1.1.5):
    - RSSwizzle
  - MineCommonUtils/FunctionOperate (1.1.5):
    - RSSwizzle
  - MineCommonUtils/IndexPath (1.1.5):
    - RSSwizzle
  - MineCommonUtils/JSONLog (1.1.5):
    - RSSwizzle
  - MineCommonUtils/PerformSelector (1.1.5):
    - RSSwizzle
  - MineCommonUtils/Persistent (1.1.5):
    - RSSwizzle
  - MineCommonUtils/Reuse (1.1.5):
    - RSSwizzle
  - MineCommonUtils/Route (1.1.5):
    - RSSwizzle
  - MineCommonUtils/Scheduler (1.1.5):
    - RSSwizzle
  - MineCommonUtils/SubClasses (1.1.5):
    - RSSwizzle
  - MineCommonUtils/TimeConvert (1.1.5):
    - RSSwizzle
  - MineCommonUtils/TypeEnsure (1.1.5):
    - RSSwizzle
  - MineCommonUtils/ViewUtils (1.1.5):
    - RSSwizzle
  - RSSwizzle (0.1.0)

DEPENDENCIES:
  - MineCommonUtils (from `../`)

SPEC REPOS:
  https://github.com/cocoapods/specs.git:
    - RSSwizzle

EXTERNAL SOURCES:
  MineCommonUtils:
    :path: "../"

SPEC CHECKSUMS:
  MineCommonUtils: a2036335675d6238db350d84ced5a4ad56bf3b8a
  RSSwizzle: d561958f595028bfcef98c7d55c318b3878a61c6

PODFILE CHECKSUM: adc8ca8af4d0bfc2a2429a0bd7670a4685b8d47c

COCOAPODS: 1.5.3
